
Microsoft Visual Studio Solution File, Format Version 12.00
# Visual Studio Version 16
VisualStudioVersion = 16.0.31424.327
MinimumVisualStudioVersion = 10.0.40219.1
Project("{9A19103F-16F7-4668-BE54-9A1E7A4F7556}") = "RentalSports.WebApi", "RentalSports.WebApi\RentalSports.WebApi.csproj", "{2420CE1B-8D28-4AD6-B035-F1389263E547}"
EndProject
Project("{9A19103F-16F7-4668-BE54-9A1E7A4F7556}") = "RentalSports.Domain", "RentalSports.Domain\RentalSports.Domain.csproj", "{2A1469C4-6121-4CDC-B9B1-2306D98C054D}"
EndProject
Project("{FAE04EC0-301F-11D3-BF4B-00C04F79EFBC}") = "RentalSports.Infra.Data.MongoDB", "RentalSports.Infra.Data.MongoDB\RentalSports.Infra.Data.MongoDB.csproj", "{FFABE778-97B0-4AF2-A182-D6E70E1EAD97}"
EndProject
Global
	GlobalSection(SolutionConfigurationPlatforms) = preSolution
		Debug|Any CPU = Debug|Any CPU
		Release|Any CPU = Release|Any CPU
	EndGlobalSection
	GlobalSection(ProjectConfigurationPlatforms) = postSolution
		{2420CE1B-8D28-4AD6-B035-F1389263E547}.Debug|Any CPU.ActiveCfg = Debug|Any CPU
		{2420CE1B-8D28-4AD6-B035-F1389263E547}.Debug|Any CPU.Build.0 = Debug|Any CPU
		{2420CE1B-8D28-4AD6-B035-F1389263E547}.Release|Any CPU.ActiveCfg = Release|Any CPU
		{2420CE1B-8D28-4AD6-B035-F1389263E547}.Release|Any CPU.Build.0 = Release|Any CPU
		{2A1469C4-6121-4CDC-B9B1-2306D98C054D}.Debug|Any CPU.ActiveCfg = Debug|Any CPU
		{2A1469C4-6121-4CDC-B9B1-2306D98C054D}.Debug|Any CPU.Build.0 = Debug|Any CPU
		{2A1469C4-6121-4CDC-B9B1-2306D98C054D}.Release|Any CPU.ActiveCfg = Release|Any CPU
		{2A1469C4-6121-4CDC-B9B1-2306D98C054D}.Release|Any CPU.Build.0 = Release|Any CPU
		{FFABE778-97B0-4AF2-A182-D6E70E1EAD97}.Debug|Any CPU.ActiveCfg = Debug|Any CPU
		{FFABE778-97B0-4AF2-A182-D6E70E1EAD97}.Debug|Any CPU.Build.0 = Debug|Any CPU
		{FFABE778-97B0-4AF2-A182-D6E70E1EAD97}.Release|Any CPU.ActiveCfg = Release|Any CPU
		{FFABE778-97B0-4AF2-A182-D6E70E1EAD97}.Release|Any CPU.Build.0 = Release|Any CPU
	EndGlobalSection
	GlobalSection(SolutionProperties) = preSolution
		HideSolutionNode = FALSE
	EndGlobalSection
	GlobalSection(ExtensibilityGlobals) = postSolution
		SolutionGuid = {6B771320-6084-4C20-A291-C7B616D0FD72}
	EndGlobalSection
EndGlobal
